// !$*UTF8*$!
{
	archiveVersion = 1;
	classes = {
	};
	objectVersion = 47;
	objects = {

/* Begin PBXBuildFile section */
		1318E2041D302A3400EC75E9 /* stop_docker_registry.command in Resources */ = {isa = PBXBuildFile; fileRef = 1318E2031D302A3400EC75E9 /* stop_docker_registry.command */; };
		13278FF81D32A6B5001EF5F4 /* check_corectl_app_version.command in Resources */ = {isa = PBXBuildFile; fileRef = 13278FF71D32A6B5001EF5F4 /* check_corectl_app_version.command */; };
		134476021D2E5F220035B3B9 /* check_active_vms.command in Resources */ = {isa = PBXBuildFile; fileRef = 134476011D2E5F220035B3B9 /* check_active_vms.command */; };
		134B4DD21D6DC65D0018D004 /* check_dns_status.command in Resources */ = {isa = PBXBuildFile; fileRef = 134B4DD11D6DC65D0018D004 /* check_dns_status.command */; };
		134DD75C1D2FEBF100E60CDE /* check_corectld_status.command in Resources */ = {isa = PBXBuildFile; fileRef = 134DD75B1D2FEBF100E60CDE /* check_corectld_status.command */; };
		134DD75E1D300CE400E60CDE /* check_corectld_version.command in Resources */ = {isa = PBXBuildFile; fileRef = 134DD75D1D300CE400E60CDE /* check_corectld_version.command */; };
		134F3CEC1D2C2270002B9668 /* check_blobs_version.command in Resources */ = {isa = PBXBuildFile; fileRef = 134F3CEB1D2C2270002B9668 /* check_blobs_version.command */; };
		13599DA91D4776E8004F8F5A /* start_docker_registry.command in Resources */ = {isa = PBXBuildFile; fileRef = 13599DA81D4776E8004F8F5A /* start_docker_registry.command */; };
		13599DAD1D477C6D004F8F5A /* registry in Resources */ = {isa = PBXBuildFile; fileRef = 13599DAC1D477C6D004F8F5A /* registry */; };
		136605381D23CCB200D497A0 /* fetch_latest_iso_alpha.command in Resources */ = {isa = PBXBuildFile; fileRef = 136605361D23CCB200D497A0 /* fetch_latest_iso_alpha.command */; };
		136605391D23CCB200D497A0 /* functions.sh in Resources */ = {isa = PBXBuildFile; fileRef = 136605371D23CCB200D497A0 /* functions.sh */; };
		1366053B1D23D6AD00D497A0 /* Foundation.framework in Frameworks */ = {isa = PBXBuildFile; fileRef = 1366053A1D23D6AD00D497A0 /* Foundation.framework */; };
		1366053D1D23D6B800D497A0 /* AppKit.framework in Frameworks */ = {isa = PBXBuildFile; fileRef = 1366053C1D23D6B800D497A0 /* AppKit.framework */; };
		1366053F1D23D6C700D497A0 /* Cocoa.framework in Frameworks */ = {isa = PBXBuildFile; fileRef = 1366053E1D23D6C700D497A0 /* Cocoa.framework */; };
		136605431D23E85800D497A0 /* fetch_latest_iso_beta.command in Resources */ = {isa = PBXBuildFile; fileRef = 136605411D23E85800D497A0 /* fetch_latest_iso_beta.command */; };
		136605441D23E85800D497A0 /* fetch_latest_iso_stable.command in Resources */ = {isa = PBXBuildFile; fileRef = 136605421D23E85800D497A0 /* fetch_latest_iso_stable.command */; };
		136C48121D33A79C001B0DA3 /* Updates.swift in Sources */ = {isa = PBXBuildFile; fileRef = 136C48111D33A79C001B0DA3 /* Updates.swift */; };
		1375975B1D2BA78E000CB88F /* bin in Resources */ = {isa = PBXBuildFile; fileRef = 1375975A1D2BA78E000CB88F /* bin */; };
		1375975F1D2BA816000CB88F /* get_go_binaries in Resources */ = {isa = PBXBuildFile; fileRef = 1375975E1D2BA816000CB88F /* get_go_binaries */; };
		137597631D2BC9CF000CB88F /* update_corectl_blobs.command in Resources */ = {isa = PBXBuildFile; fileRef = 137597621D2BC9CF000CB88F /* update_corectl_blobs.command */; };
		137597651D2BD5A6000CB88F /* copy_corectl_blobs.command in Resources */ = {isa = PBXBuildFile; fileRef = 137597641D2BD5A5000CB88F /* copy_corectl_blobs.command */; };
		1375976B1D2BF306000CB88F /* Security.framework in Frameworks */ = {isa = PBXBuildFile; fileRef = 1375976A1D2BF306000CB88F /* Security.framework */; };
		13BC96B41D2CF42C006D27B3 /* Notifications.swift in Sources */ = {isa = PBXBuildFile; fileRef = 13BC96B31D2CF42C006D27B3 /* Notifications.swift */; };
		13BC96B61D2CF4DC006D27B3 /* RunShellApps.swift in Sources */ = {isa = PBXBuildFile; fileRef = 13BC96B51D2CF4DC006D27B3 /* RunShellApps.swift */; };
		13BC96BA1D2CF701006D27B3 /* HelpingFunctions.swift in Sources */ = {isa = PBXBuildFile; fileRef = 13BC96B91D2CF701006D27B3 /* HelpingFunctions.swift */; };
		13BC96BC1D2CF931006D27B3 /* ServerControl.swift in Sources */ = {isa = PBXBuildFile; fileRef = 13BC96BB1D2CF931006D27B3 /* ServerControl.swift */; };
		13CAFC2A1D2272B000E57ED4 /* AppDelegate.swift in Sources */ = {isa = PBXBuildFile; fileRef = 13CAFC291D2272B000E57ED4 /* AppDelegate.swift */; };
		13CAFC2C1D2272B000E57ED4 /* Assets.xcassets in Resources */ = {isa = PBXBuildFile; fileRef = 13CAFC2B1D2272B000E57ED4 /* Assets.xcassets */; };
		13CAFC2F1D2272B000E57ED4 /* MainMenu.xib in Resources */ = {isa = PBXBuildFile; fileRef = 13CAFC2D1D2272B000E57ED4 /* MainMenu.xib */; };
/* End PBXBuildFile section */

/* Begin PBXFileReference section */
		1318E2031D302A3400EC75E9 /* stop_docker_registry.command */ = {isa = PBXFileReference; fileEncoding = 4; lastKnownFileType = text.script.sh; path = stop_docker_registry.command; sourceTree = "<group>"; };
		13278FF71D32A6B5001EF5F4 /* check_corectl_app_version.command */ = {isa = PBXFileReference; fileEncoding = 4; lastKnownFileType = text.script.sh; path = check_corectl_app_version.command; sourceTree = "<group>"; };
		134476011D2E5F220035B3B9 /* check_active_vms.command */ = {isa = PBXFileReference; fileEncoding = 4; lastKnownFileType = text.script.sh; path = check_active_vms.command; sourceTree = "<group>"; };
		134B4DD11D6DC65D0018D004 /* check_dns_status.command */ = {isa = PBXFileReference; fileEncoding = 4; lastKnownFileType = text.script.sh; path = check_dns_status.command; sourceTree = "<group>"; };
		134DD75B1D2FEBF100E60CDE /* check_corectld_status.command */ = {isa = PBXFileReference; fileEncoding = 4; lastKnownFileType = text.script.sh; path = check_corectld_status.command; sourceTree = "<group>"; };
		134DD75D1D300CE400E60CDE /* check_corectld_version.command */ = {isa = PBXFileReference; fileEncoding = 4; lastKnownFileType = text.script.sh; path = check_corectld_version.command; sourceTree = "<group>"; };
		134F3CEB1D2C2270002B9668 /* check_blobs_version.command */ = {isa = PBXFileReference; fileEncoding = 4; lastKnownFileType = text.script.sh; path = check_blobs_version.command; sourceTree = "<group>"; };
		13599DA81D4776E8004F8F5A /* start_docker_registry.command */ = {isa = PBXFileReference; fileEncoding = 4; lastKnownFileType = text.script.sh; path = start_docker_registry.command; sourceTree = "<group>"; };
		13599DAC1D477C6D004F8F5A /* registry */ = {isa = PBXFileReference; lastKnownFileType = folder; path = registry; sourceTree = "<group>"; };
		136605361D23CCB200D497A0 /* fetch_latest_iso_alpha.command */ = {isa = PBXFileReference; fileEncoding = 4; lastKnownFileType = text.script.sh; path = fetch_latest_iso_alpha.command; sourceTree = "<group>"; };
		136605371D23CCB200D497A0 /* functions.sh */ = {isa = PBXFileReference; fileEncoding = 4; lastKnownFileType = text.script.sh; path = functions.sh; sourceTree = "<group>"; };
		1366053A1D23D6AD00D497A0 /* Foundation.framework */ = {isa = PBXFileReference; lastKnownFileType = wrapper.framework; name = Foundation.framework; path = System/Library/Frameworks/Foundation.framework; sourceTree = SDKROOT; };
		1366053C1D23D6B800D497A0 /* AppKit.framework */ = {isa = PBXFileReference; lastKnownFileType = wrapper.framework; name = AppKit.framework; path = System/Library/Frameworks/AppKit.framework; sourceTree = SDKROOT; };
		1366053E1D23D6C700D497A0 /* Cocoa.framework */ = {isa = PBXFileReference; lastKnownFileType = wrapper.framework; name = Cocoa.framework; path = System/Library/Frameworks/Cocoa.framework; sourceTree = SDKROOT; };
		136605411D23E85800D497A0 /* fetch_latest_iso_beta.command */ = {isa = PBXFileReference; fileEncoding = 4; lastKnownFileType = text.script.sh; path = fetch_latest_iso_beta.command; sourceTree = "<group>"; };
		136605421D23E85800D497A0 /* fetch_latest_iso_stable.command */ = {isa = PBXFileReference; fileEncoding = 4; lastKnownFileType = text.script.sh; path = fetch_latest_iso_stable.command; sourceTree = "<group>"; };
		136C48111D33A79C001B0DA3 /* Updates.swift */ = {isa = PBXFileReference; fileEncoding = 4; lastKnownFileType = sourcecode.swift; path = Updates.swift; sourceTree = "<group>"; };
		1375975A1D2BA78E000CB88F /* bin */ = {isa = PBXFileReference; lastKnownFileType = folder; path = bin; sourceTree = "<group>"; };
		1375975E1D2BA816000CB88F /* get_go_binaries */ = {isa = PBXFileReference; lastKnownFileType = folder; path = get_go_binaries; sourceTree = "<group>"; };
		137597621D2BC9CF000CB88F /* update_corectl_blobs.command */ = {isa = PBXFileReference; fileEncoding = 4; lastKnownFileType = text.script.sh; path = update_corectl_blobs.command; sourceTree = "<group>"; };
		137597641D2BD5A5000CB88F /* copy_corectl_blobs.command */ = {isa = PBXFileReference; fileEncoding = 4; lastKnownFileType = text.script.sh; path = copy_corectl_blobs.command; sourceTree = "<group>"; };
		1375976A1D2BF306000CB88F /* Security.framework */ = {isa = PBXFileReference; lastKnownFileType = wrapper.framework; name = Security.framework; path = System/Library/Frameworks/Security.framework; sourceTree = SDKROOT; };
		13BC96B31D2CF42C006D27B3 /* Notifications.swift */ = {isa = PBXFileReference; fileEncoding = 4; lastKnownFileType = sourcecode.swift; path = Notifications.swift; sourceTree = "<group>"; };
		13BC96B51D2CF4DC006D27B3 /* RunShellApps.swift */ = {isa = PBXFileReference; fileEncoding = 4; lastKnownFileType = sourcecode.swift; path = RunShellApps.swift; sourceTree = "<group>"; };
		13BC96B91D2CF701006D27B3 /* HelpingFunctions.swift */ = {isa = PBXFileReference; fileEncoding = 4; lastKnownFileType = sourcecode.swift; path = HelpingFunctions.swift; sourceTree = "<group>"; };
		13BC96BB1D2CF931006D27B3 /* ServerControl.swift */ = {isa = PBXFileReference; fileEncoding = 4; lastKnownFileType = sourcecode.swift; path = ServerControl.swift; sourceTree = "<group>"; };
		13CAFC261D2272B000E57ED4 /* corectl.app */ = {isa = PBXFileReference; explicitFileType = wrapper.application; includeInIndex = 0; path = corectl.app; sourceTree = BUILT_PRODUCTS_DIR; };
		13CAFC291D2272B000E57ED4 /* AppDelegate.swift */ = {isa = PBXFileReference; lastKnownFileType = sourcecode.swift; path = AppDelegate.swift; sourceTree = "<group>"; };
		13CAFC2B1D2272B000E57ED4 /* Assets.xcassets */ = {isa = PBXFileReference; lastKnownFileType = folder.assetcatalog; path = Assets.xcassets; sourceTree = "<group>"; };
		13CAFC2E1D2272B000E57ED4 /* Base */ = {isa = PBXFileReference; lastKnownFileType = file.xib; name = Base; path = Base.lproj/MainMenu.xib; sourceTree = "<group>"; };
		13CAFC301D2272B000E57ED4 /* Info.plist */ = {isa = PBXFileReference; lastKnownFileType = text.plist.xml; path = Info.plist; sourceTree = "<group>"; };
/* End PBXFileReference section */

/* Begin PBXFrameworksBuildPhase section */
		13CAFC231D2272B000E57ED4 /* Frameworks */ = {
			isa = PBXFrameworksBuildPhase;
			buildActionMask = 2147483647;
			files = (
				1375976B1D2BF306000CB88F /* Security.framework in Frameworks */,
				1366053F1D23D6C700D497A0 /* Cocoa.framework in Frameworks */,
				1366053D1D23D6B800D497A0 /* AppKit.framework in Frameworks */,
				1366053B1D23D6AD00D497A0 /* Foundation.framework in Frameworks */,
			);
			runOnlyForDeploymentPostprocessing = 0;
		};
/* End PBXFrameworksBuildPhase section */

/* Begin PBXGroup section */
		136605351D23CC9A00D497A0 /* scripts */ = {
			isa = PBXGroup;
			children = (
				136605371D23CCB200D497A0 /* functions.sh */,
				137597641D2BD5A5000CB88F /* copy_corectl_blobs.command */,
				134476011D2E5F220035B3B9 /* check_active_vms.command */,
				134B4DD11D6DC65D0018D004 /* check_dns_status.command */,
				134DD75B1D2FEBF100E60CDE /* check_corectld_status.command */,
				13599DA81D4776E8004F8F5A /* start_docker_registry.command */,
				1318E2031D302A3400EC75E9 /* stop_docker_registry.command */,
				136605361D23CCB200D497A0 /* fetch_latest_iso_alpha.command */,
				136605411D23E85800D497A0 /* fetch_latest_iso_beta.command */,
				136605421D23E85800D497A0 /* fetch_latest_iso_stable.command */,
				13278FF71D32A6B5001EF5F4 /* check_corectl_app_version.command */,
				134DD75D1D300CE400E60CDE /* check_corectld_version.command */,
				134F3CEB1D2C2270002B9668 /* check_blobs_version.command */,
				137597621D2BC9CF000CB88F /* update_corectl_blobs.command */,
			);
			name = scripts;
			sourceTree = "<group>";
		};
		136605401D23D6F600D497A0 /* Frameworks */ = {
			isa = PBXGroup;
			children = (
				1375976A1D2BF306000CB88F /* Security.framework */,
				1366053E1D23D6C700D497A0 /* Cocoa.framework */,
				1366053C1D23D6B800D497A0 /* AppKit.framework */,
				1366053A1D23D6AD00D497A0 /* Foundation.framework */,
			);
			name = Frameworks;
			sourceTree = "<group>";
		};
		13CAFC1D1D2272B000E57ED4 = {
			isa = PBXGroup;
			children = (
				13CAFC281D2272B000E57ED4 /* corectl */,
				1375975A1D2BA78E000CB88F /* bin */,
				13599DAC1D477C6D004F8F5A /* registry */,
				1375975E1D2BA816000CB88F /* get_go_binaries */,
				136605351D23CC9A00D497A0 /* scripts */,
				136605401D23D6F600D497A0 /* Frameworks */,
				13CAFC271D2272B000E57ED4 /* Products */,
			);
			sourceTree = "<group>";
		};
		13CAFC271D2272B000E57ED4 /* Products */ = {
			isa = PBXGroup;
			children = (
				13CAFC261D2272B000E57ED4 /* corectl.app */,
			);
			name = Products;
			sourceTree = "<group>";
		};
		13CAFC281D2272B000E57ED4 /* corectl */ = {
			isa = PBXGroup;
			children = (
				13CAFC291D2272B000E57ED4 /* AppDelegate.swift */,
				136C48111D33A79C001B0DA3 /* Updates.swift */,
				13BC96BB1D2CF931006D27B3 /* ServerControl.swift */,
				13BC96B91D2CF701006D27B3 /* HelpingFunctions.swift */,
				13BC96B51D2CF4DC006D27B3 /* RunShellApps.swift */,
				13BC96B31D2CF42C006D27B3 /* Notifications.swift */,
				13CAFC2B1D2272B000E57ED4 /* Assets.xcassets */,
				13CAFC2D1D2272B000E57ED4 /* MainMenu.xib */,
				13CAFC301D2272B000E57ED4 /* Info.plist */,
			);
			path = corectl;
			sourceTree = "<group>";
		};
/* End PBXGroup section */

/* Begin PBXNativeTarget section */
		13CAFC251D2272B000E57ED4 /* corectl */ = {
			isa = PBXNativeTarget;
			buildConfigurationList = 13CAFC331D2272B000E57ED4 /* Build configuration list for PBXNativeTarget "corectl" */;
			buildPhases = (
				13CAFC221D2272B000E57ED4 /* Sources */,
				13CAFC231D2272B000E57ED4 /* Frameworks */,
				13CAFC241D2272B000E57ED4 /* Resources */,
			);
			buildRules = (
			);
			dependencies = (
			);
			name = corectl;
			productName = corectl;
			productReference = 13CAFC261D2272B000E57ED4 /* corectl.app */;
			productType = "com.apple.product-type.application";
		};
/* End PBXNativeTarget section */

/* Begin PBXProject section */
		13CAFC1E1D2272B000E57ED4 /* Project object */ = {
			isa = PBXProject;
			attributes = {
				LastSwiftUpdateCheck = 0730;
				LastUpgradeCheck = 0800;
				ORGANIZATIONNAME = "The New Normal";
				TargetAttributes = {
					13CAFC251D2272B000E57ED4 = {
						CreatedOnToolsVersion = 7.3.1;
						DevelopmentTeam = 5LVLAZJPH7;
						LastSwiftMigration = 0800;
						ProvisioningStyle = Automatic;
					};
				};
			};
			buildConfigurationList = 13CAFC211D2272B000E57ED4 /* Build configuration list for PBXProject "corectl" */;
			compatibilityVersion = "Xcode 6.3";
			developmentRegion = English;
			hasScannedForEncodings = 0;
			knownRegions = (
				en,
				Base,
			);
			mainGroup = 13CAFC1D1D2272B000E57ED4;
			productRefGroup = 13CAFC271D2272B000E57ED4 /* Products */;
			projectDirPath = "";
			projectRoot = "";
			targets = (
				13CAFC251D2272B000E57ED4 /* corectl */,
			);
		};
/* End PBXProject section */

/* Begin PBXResourcesBuildPhase section */
		13CAFC241D2272B000E57ED4 /* Resources */ = {
			isa = PBXResourcesBuildPhase;
			buildActionMask = 2147483647;
			files = (
				137597631D2BC9CF000CB88F /* update_corectl_blobs.command in Resources */,
				1375975F1D2BA816000CB88F /* get_go_binaries in Resources */,
				136605441D23E85800D497A0 /* fetch_latest_iso_stable.command in Resources */,
				13CAFC2C1D2272B000E57ED4 /* Assets.xcassets in Resources */,
				13278FF81D32A6B5001EF5F4 /* check_corectl_app_version.command in Resources */,
				1318E2041D302A3400EC75E9 /* stop_docker_registry.command in Resources */,
				13CAFC2F1D2272B000E57ED4 /* MainMenu.xib in Resources */,
				134DD75E1D300CE400E60CDE /* check_corectld_version.command in Resources */,
				136605391D23CCB200D497A0 /* functions.sh in Resources */,
				137597651D2BD5A6000CB88F /* copy_corectl_blobs.command in Resources */,
				134B4DD21D6DC65D0018D004 /* check_dns_status.command in Resources */,
				1375975B1D2BA78E000CB88F /* bin in Resources */,
				136605381D23CCB200D497A0 /* fetch_latest_iso_alpha.command in Resources */,
				134DD75C1D2FEBF100E60CDE /* check_corectld_status.command in Resources */,
				134F3CEC1D2C2270002B9668 /* check_blobs_version.command in Resources */,
				134476021D2E5F220035B3B9 /* check_active_vms.command in Resources */,
				136605431D23E85800D497A0 /* fetch_latest_iso_beta.command in Resources */,
				13599DAD1D477C6D004F8F5A /* registry in Resources */,
				13599DA91D4776E8004F8F5A /* start_docker_registry.command in Resources */,
			);
			runOnlyForDeploymentPostprocessing = 0;
		};
/* End PBXResourcesBuildPhase section */

/* Begin PBXSourcesBuildPhase section */
		13CAFC221D2272B000E57ED4 /* Sources */ = {
			isa = PBXSourcesBuildPhase;
			buildActionMask = 2147483647;
			files = (
				136C48121D33A79C001B0DA3 /* Updates.swift in Sources */,
				13BC96BC1D2CF931006D27B3 /* ServerControl.swift in Sources */,
				13BC96B41D2CF42C006D27B3 /* Notifications.swift in Sources */,
				13CAFC2A1D2272B000E57ED4 /* AppDelegate.swift in Sources */,
				13BC96B61D2CF4DC006D27B3 /* RunShellApps.swift in Sources */,
				13BC96BA1D2CF701006D27B3 /* HelpingFunctions.swift in Sources */,
			);
			runOnlyForDeploymentPostprocessing = 0;
		};
/* End PBXSourcesBuildPhase section */

/* Begin PBXVariantGroup section */
		13CAFC2D1D2272B000E57ED4 /* MainMenu.xib */ = {
			isa = PBXVariantGroup;
			children = (
				13CAFC2E1D2272B000E57ED4 /* Base */,
			);
			name = MainMenu.xib;
			sourceTree = "<group>";
		};
/* End PBXVariantGroup section */

/* Begin XCBuildConfiguration section */
		13CAFC311D2272B000E57ED4 /* Debug */ = {
			isa = XCBuildConfiguration;
			buildSettings = {
				ALWAYS_SEARCH_USER_PATHS = NO;
				CLANG_ANALYZER_NONNULL = YES;
				CLANG_CXX_LANGUAGE_STANDARD = "gnu++0x";
				CLANG_CXX_LIBRARY = "libc++";
				CLANG_ENABLE_MODULES = YES;
				CLANG_ENABLE_OBJC_ARC = YES;
				CLANG_WARN_BOOL_CONVERSION = YES;
				CLANG_WARN_CONSTANT_CONVERSION = YES;
				CLANG_WARN_DIRECT_OBJC_ISA_USAGE = YES_ERROR;
				CLANG_WARN_EMPTY_BODY = YES;
				CLANG_WARN_ENUM_CONVERSION = YES;
				CLANG_WARN_INFINITE_RECURSION = YES;
				CLANG_WARN_INT_CONVERSION = YES;
				CLANG_WARN_OBJC_ROOT_CLASS = YES_ERROR;
				CLANG_WARN_SUSPICIOUS_MOVE = YES;
				CLANG_WARN_UNREACHABLE_CODE = YES;
				CLANG_WARN__DUPLICATE_METHOD_MATCH = YES;
				CODE_SIGN_IDENTITY = "-";
				COPY_PHASE_STRIP = NO;
				DEBUG_INFORMATION_FORMAT = dwarf;
				ENABLE_STRICT_OBJC_MSGSEND = YES;
				ENABLE_TESTABILITY = YES;
				GCC_C_LANGUAGE_STANDARD = gnu99;
				GCC_DYNAMIC_NO_PIC = NO;
				GCC_NO_COMMON_BLOCKS = YES;
				GCC_OPTIMIZATION_LEVEL = 0;
				GCC_PREPROCESSOR_DEFINITIONS = (
					"DEBUG=1",
					"$(inherited)",
				);
				GCC_WARN_64_TO_32_BIT_CONVERSION = YES;
				GCC_WARN_ABOUT_RETURN_TYPE = YES_ERROR;
				GCC_WARN_UNDECLARED_SELECTOR = YES;
				GCC_WARN_UNINITIALIZED_AUTOS = YES_AGGRESSIVE;
				GCC_WARN_UNUSED_FUNCTION = YES;
				GCC_WARN_UNUSED_VARIABLE = YES;
				MACOSX_DEPLOYMENT_TARGET = 10.11;
				MTL_ENABLE_DEBUG_INFO = YES;
				ONLY_ACTIVE_ARCH = YES;
				SDKROOT = macosx;
				SWIFT_OPTIMIZATION_LEVEL = "-Onone";
			};
			name = Debug;
		};
		13CAFC321D2272B000E57ED4 /* Release */ = {
			isa = XCBuildConfiguration;
			buildSettings = {
				ALWAYS_SEARCH_USER_PATHS = NO;
				CLANG_ANALYZER_NONNULL = YES;
				CLANG_CXX_LANGUAGE_STANDARD = "gnu++0x";
				CLANG_CXX_LIBRARY = "libc++";
				CLANG_ENABLE_MODULES = YES;
				CLANG_ENABLE_OBJC_ARC = YES;
				CLANG_WARN_BOOL_CONVERSION = YES;
				CLANG_WARN_CONSTANT_CONVERSION = YES;
				CLANG_WARN_DIRECT_OBJC_ISA_USAGE = YES_ERROR;
				CLANG_WARN_EMPTY_BODY = YES;
				CLANG_WARN_ENUM_CONVERSION = YES;
				CLANG_WARN_INFINITE_RECURSION = YES;
				CLANG_WARN_INT_CONVERSION = YES;
				CLANG_WARN_OBJC_ROOT_CLASS = YES_ERROR;
				CLANG_WARN_SUSPICIOUS_MOVE = YES;
				CLANG_WARN_UNREACHABLE_CODE = YES;
				CLANG_WARN__DUPLICATE_METHOD_MATCH = YES;
				CODE_SIGN_IDENTITY = "-";
				COPY_PHASE_STRIP = NO;
				DEBUG_INFORMATION_FORMAT = "dwarf-with-dsym";
				ENABLE_NS_ASSERTIONS = NO;
				ENABLE_STRICT_OBJC_MSGSEND = YES;
				GCC_C_LANGUAGE_STANDARD = gnu99;
				GCC_NO_COMMON_BLOCKS = YES;
				GCC_WARN_64_TO_32_BIT_CONVERSION = YES;
				GCC_WARN_ABOUT_RETURN_TYPE = YES_ERROR;
				GCC_WARN_UNDECLARED_SELECTOR = YES;
				GCC_WARN_UNINITIALIZED_AUTOS = YES_AGGRESSIVE;
				GCC_WARN_UNUSED_FUNCTION = YES;
				GCC_WARN_UNUSED_VARIABLE = YES;
				MACOSX_DEPLOYMENT_TARGET = 10.11;
				MTL_ENABLE_DEBUG_INFO = NO;
				SDKROOT = macosx;
				SWIFT_OPTIMIZATION_LEVEL = "-Owholemodule";
			};
			name = Release;
		};
		13CAFC341D2272B000E57ED4 /* Debug */ = {
			isa = XCBuildConfiguration;
			buildSettings = {
				ASSETCATALOG_COMPILER_APPICON_NAME = AppIcon;
				CODE_SIGN_IDENTITY = "Mac Developer";
				COMBINE_HIDPI_IMAGES = YES;
				INFOPLIST_FILE = corectl/Info.plist;
				LD_RUNPATH_SEARCH_PATHS = "$(inherited) @executable_path/../Frameworks";
				MACOSX_DEPLOYMENT_TARGET = 10.10;
				PRODUCT_BUNDLE_IDENTIFIER = linxos.net.corectl.app;
				PRODUCT_NAME = "$(TARGET_NAME)";
				SWIFT_VERSION = 3.0;
			};
			name = Debug;
		};
		13CAFC351D2272B000E57ED4 /* Release */ = {
			isa = XCBuildConfiguration;
			buildSettings = {
				ASSETCATALOG_COMPILER_APPICON_NAME = AppIcon;
				CODE_SIGN_IDENTITY = "Mac Developer";
				COMBINE_HIDPI_IMAGES = YES;
				INFOPLIST_FILE = corectl/Info.plist;
				LD_RUNPATH_SEARCH_PATHS = "$(inherited) @executable_path/../Frameworks";
				MACOSX_DEPLOYMENT_TARGET = 10.10;
				PRODUCT_BUNDLE_IDENTIFIER = linxos.net.corectl.app;
				PRODUCT_NAME = "$(TARGET_NAME)";
				SWIFT_VERSION = 3.0;
			};
			name = Release;
		};
/* End XCBuildConfiguration section */

/* Begin XCConfigurationList section */
		13CAFC211D2272B000E57ED4 /* Build configuration list for PBXProject "corectl" */ = {
			isa = XCConfigurationList;
			buildConfigurations = (
				13CAFC311D2272B000E57ED4 /* Debug */,
				13CAFC321D2272B000E57ED4 /* Release */,
			);
			defaultConfigurationIsVisible = 0;
			defaultConfigurationName = Release;
		};
		13CAFC331D2272B000E57ED4 /* Build configuration list for PBXNativeTarget "corectl" */ = {
			isa = XCConfigurationList;
			buildConfigurations = (
				13CAFC341D2272B000E57ED4 /* Debug */,
				13CAFC351D2272B000E57ED4 /* Release */,
			);
			defaultConfigurationIsVisible = 0;
			defaultConfigurationName = Release;
		};
/* End XCConfigurationList section */
	};
	rootObject = 13CAFC1E1D2272B000E57ED4 /* Project object */;
}
